
Microsoft Visual Studio Solution File, Format Version 12.00
# Visual Studio Version 17
VisualStudioVersion = 17.0.32126.317
MinimumVisualStudioVersion = 10.0.40219.1
Project("{9A19103F-16F7-4668-BE54-9A1E7A4F7556}") = "PSP04_FTP_CrearDirectorio", "PSP04_FTP_CrearDirectorio.csproj", "{ADB10155-E2D5-4CA3-A195-A2FF50151F64}"
EndProject
Global
	GlobalSection(SolutionConfigurationPlatforms) = preSolution
		Debug|Any CPU = Debug|Any CPU
		Release|Any CPU = Release|Any CPU
	EndGlobalSection
	GlobalSection(ProjectConfigurationPlatforms) = postSolution
		{ADB10155-E2D5-4CA3-A195-A2FF50151F64}.Debug|Any CPU.ActiveCfg = Debug|Any CPU
		{ADB10155-E2D5-4CA3-A195-A2FF50151F64}.Debug|Any CPU.Build.0 = Debug|Any CPU
		{ADB10155-E2D5-4CA3-A195-A2FF50151F64}.Release|Any CPU.ActiveCfg = Release|Any CPU
		{ADB10155-E2D5-4CA3-A195-A2FF50151F64}.Release|Any CPU.Build.0 = Release|Any CPU
	EndGlobalSection
	GlobalSection(SolutionProperties) = preSolution
		HideSolutionNode = FALSE
	EndGlobalSection
	GlobalSection(ExtensibilityGlobals) = postSolution
		SolutionGuid = {EF2D2E37-68A7-4AC1-865F-8DAE163516AD}
	EndGlobalSection
EndGlobal
