
Microsoft Visual Studio Solution File, Format Version 12.00
# Visual Studio Version 17
VisualStudioVersion = 17.0.32126.317
MinimumVisualStudioVersion = 10.0.40219.1
Project("{FAE04EC0-301F-11D3-BF4B-00C04F79EFBC}") = "PSP04_HTTP_WebClient_MostrarPágina", "PSP04_HTTP_WebClient_MostrarPágina.csproj", "{7109DF93-E13A-4F82-8E28-17C1593457A4}"
EndProject
Global
	GlobalSection(SolutionConfigurationPlatforms) = preSolution
		Debug|Any CPU = Debug|Any CPU
		Release|Any CPU = Release|Any CPU
	EndGlobalSection
	GlobalSection(ProjectConfigurationPlatforms) = postSolution
		{7109DF93-E13A-4F82-8E28-17C1593457A4}.Debug|Any CPU.ActiveCfg = Debug|Any CPU
		{7109DF93-E13A-4F82-8E28-17C1593457A4}.Debug|Any CPU.Build.0 = Debug|Any CPU
		{7109DF93-E13A-4F82-8E28-17C1593457A4}.Release|Any CPU.ActiveCfg = Release|Any CPU
		{7109DF93-E13A-4F82-8E28-17C1593457A4}.Release|Any CPU.Build.0 = Release|Any CPU
	EndGlobalSection
	GlobalSection(SolutionProperties) = preSolution
		HideSolutionNode = FALSE
	EndGlobalSection
	GlobalSection(ExtensibilityGlobals) = postSolution
		SolutionGuid = {EBED4DC0-A0AB-4E4B-A29C-3A088F5D2B62}
	EndGlobalSection
EndGlobal
